
Microsoft Visual Studio Solution File, Format Version 12.00
Project("{FAE04EC0-301F-11D3-BF4B-00C04F79EFBC}") = "QuestionnaireWebApp.Mvc", "QuestionnaireWebApp.Mvc\QuestionnaireWebApp.Mvc.csproj", "{C324C88C-B1AB-4BEF-8230-CB72DEBF8CC4}"
EndProject
Project("{FAE04EC0-301F-11D3-BF4B-00C04F79EFBC}") = "QuestionnaireWebApp.Core", "QuestionnaireWebApp.Core\QuestionnaireWebApp.Core.csproj", "{05E0B50C-5A28-4BFA-A566-0E566E405AE7}"
EndProject
Global
	GlobalSection(SolutionConfigurationPlatforms) = preSolution
		Debug|Any CPU = Debug|Any CPU
		Release|Any CPU = Release|Any CPU
	EndGlobalSection
	GlobalSection(ProjectConfigurationPlatforms) = postSolution
		{C324C88C-B1AB-4BEF-8230-CB72DEBF8CC4}.Debug|Any CPU.ActiveCfg = Debug|Any CPU
		{C324C88C-B1AB-4BEF-8230-CB72DEBF8CC4}.Debug|Any CPU.Build.0 = Debug|Any CPU
		{C324C88C-B1AB-4BEF-8230-CB72DEBF8CC4}.Release|Any CPU.ActiveCfg = Release|Any CPU
		{C324C88C-B1AB-4BEF-8230-CB72DEBF8CC4}.Release|Any CPU.Build.0 = Release|Any CPU
		{05E0B50C-5A28-4BFA-A566-0E566E405AE7}.Debug|Any CPU.ActiveCfg = Debug|Any CPU
		{05E0B50C-5A28-4BFA-A566-0E566E405AE7}.Debug|Any CPU.Build.0 = Debug|Any CPU
		{05E0B50C-5A28-4BFA-A566-0E566E405AE7}.Release|Any CPU.ActiveCfg = Release|Any CPU
		{05E0B50C-5A28-4BFA-A566-0E566E405AE7}.Release|Any CPU.Build.0 = Release|Any CPU
	EndGlobalSection
EndGlobal
